
Microsoft Visual Studio Solution File, Format Version 12.00
# Visual Studio Version 16
VisualStudioVersion = 16.0.32106.194
MinimumVisualStudioVersion = 10.0.40219.1
Project("{FAE04EC0-301F-11D3-BF4B-00C04F79EFBC}") = "BlankFactor", "BlankFactor\BlankFactor.csproj", "{5A0CC41F-0F74-4024-B397-F8FF47BF60BA}"
EndProject
Global
	GlobalSection(SolutionConfigurationPlatforms) = preSolution
		Debug|Any CPU = Debug|Any CPU
		Release|Any CPU = Release|Any CPU
	EndGlobalSection
	GlobalSection(ProjectConfigurationPlatforms) = postSolution
		{5A0CC41F-0F74-4024-B397-F8FF47BF60BA}.Debug|Any CPU.ActiveCfg = Debug|Any CPU
		{5A0CC41F-0F74-4024-B397-F8FF47BF60BA}.Debug|Any CPU.Build.0 = Debug|Any CPU
		{5A0CC41F-0F74-4024-B397-F8FF47BF60BA}.Release|Any CPU.ActiveCfg = Release|Any CPU
		{5A0CC41F-0F74-4024-B397-F8FF47BF60BA}.Release|Any CPU.Build.0 = Release|Any CPU
	EndGlobalSection
	GlobalSection(SolutionProperties) = preSolution
		HideSolutionNode = FALSE
	EndGlobalSection
	GlobalSection(ExtensibilityGlobals) = postSolution
		SolutionGuid = {8DB09ECB-A7D5-433C-99C6-A82B892FB878}
	EndGlobalSection
EndGlobal
